// !$*UTF8*$!
{
	archiveVersion = 1;
	classes = {
	};
	objectVersion = 56;
	objects = {

/* Begin PBXBuildFile section */
		59AC26D32C355B2E00268C2C /* NutriSkinApp.swift in Sources */ = {isa = PBXBuildFile; fileRef = 59AC26D22C355B2E00268C2C /* NutriSkinApp.swift */; };
		59AC26D52C355B2E00268C2C /* ContentView.swift in Sources */ = {isa = PBXBuildFile; fileRef = 59AC26D42C355B2E00268C2C /* ContentView.swift */; };
		59AC26D72C355B3000268C2C /* Assets.xcassets in Resources */ = {isa = PBXBuildFile; fileRef = 59AC26D62C355B3000268C2C /* Assets.xcassets */; };
		59AC26DA2C355B3000268C2C /* Preview Assets.xcassets in Resources */ = {isa = PBXBuildFile; fileRef = 59AC26D92C355B3000268C2C /* Preview Assets.xcassets */; };
		59AC26E42C355B3000268C2C /* NutriSkinTests.swift in Sources */ = {isa = PBXBuildFile; fileRef = 59AC26E32C355B3000268C2C /* NutriSkinTests.swift */; };
		59AC26EE2C355B3000268C2C /* NutriSkinUITests.swift in Sources */ = {isa = PBXBuildFile; fileRef = 59AC26ED2C355B3000268C2C /* NutriSkinUITests.swift */; };
		59AC26F02C355B3000268C2C /* NutriSkinUITestsLaunchTests.swift in Sources */ = {isa = PBXBuildFile; fileRef = 59AC26EF2C355B3000268C2C /* NutriSkinUITestsLaunchTests.swift */; };
		59D74DF02C356787008F9279 /* GIF.swift in Sources */ = {isa = PBXBuildFile; fileRef = 59D74DEF2C356787008F9279 /* GIF.swift */; };
		59D74DFE2C356EDA008F9279 /* NutriSkinQuiz.swift in Sources */ = {isa = PBXBuildFile; fileRef = 59D74DFD2C356EDA008F9279 /* NutriSkinQuiz.swift */; };
		59D74E022C357A06008F9279 /* splashscreen.gif in Resources */ = {isa = PBXBuildFile; fileRef = 59D74E012C357A06008F9279 /* splashscreen.gif */; };
		59D74E042C35A312008F9279 /* SplashScreen.swift in Sources */ = {isa = PBXBuildFile; fileRef = 59D74E032C35A312008F9279 /* SplashScreen.swift */; };
/* End PBXBuildFile section */

/* Begin PBXContainerItemProxy section */
		59AC26E02C355B3000268C2C /* PBXContainerItemProxy */ = {
			isa = PBXContainerItemProxy;
			containerPortal = 59AC26C72C355B2E00268C2C /* Project object */;
			proxyType = 1;
			remoteGlobalIDString = 59AC26CE2C355B2E00268C2C;
			remoteInfo = NutriSkin;
		};
		59AC26EA2C355B3000268C2C /* PBXContainerItemProxy */ = {
			isa = PBXContainerItemProxy;
			containerPortal = 59AC26C72C355B2E00268C2C /* Project object */;
			proxyType = 1;
			remoteGlobalIDString = 59AC26CE2C355B2E00268C2C;
			remoteInfo = NutriSkin;
		};
/* End PBXContainerItemProxy section */

/* Begin PBXFileReference section */
		59AC26CF2C355B2E00268C2C /* NutriSkin.app */ = {isa = PBXFileReference; explicitFileType = wrapper.application; includeInIndex = 0; path = NutriSkin.app; sourceTree = BUILT_PRODUCTS_DIR; };
		59AC26D22C355B2E00268C2C /* NutriSkinApp.swift */ = {isa = PBXFileReference; lastKnownFileType = sourcecode.swift; path = NutriSkinApp.swift; sourceTree = "<group>"; };
		59AC26D42C355B2E00268C2C /* ContentView.swift */ = {isa = PBXFileReference; lastKnownFileType = sourcecode.swift; path = ContentView.swift; sourceTree = "<group>"; };
		59AC26D62C355B3000268C2C /* Assets.xcassets */ = {isa = PBXFileReference; lastKnownFileType = folder.assetcatalog; path = Assets.xcassets; sourceTree = "<group>"; };
		59AC26D92C355B3000268C2C /* Preview Assets.xcassets */ = {isa = PBXFileReference; lastKnownFileType = folder.assetcatalog; path = "Preview Assets.xcassets"; sourceTree = "<group>"; };
		59AC26DF2C355B3000268C2C /* NutriSkinTests.xctest */ = {isa = PBXFileReference; explicitFileType = wrapper.cfbundle; includeInIndex = 0; path = NutriSkinTests.xctest; sourceTree = BUILT_PRODUCTS_DIR; };
		59AC26E32C355B3000268C2C /* NutriSkinTests.swift */ = {isa = PBXFileReference; lastKnownFileType = sourcecode.swift; path = NutriSkinTests.swift; sourceTree = "<group>"; };
		59AC26E92C355B3000268C2C /* NutriSkinUITests.xctest */ = {isa = PBXFileReference; explicitFileType = wrapper.cfbundle; includeInIndex = 0; path = NutriSkinUITests.xctest; sourceTree = BUILT_PRODUCTS_DIR; };
		59AC26ED2C355B3000268C2C /* NutriSkinUITests.swift */ = {isa = PBXFileReference; lastKnownFileType = sourcecode.swift; path = NutriSkinUITests.swift; sourceTree = "<group>"; };
		59AC26EF2C355B3000268C2C /* NutriSkinUITestsLaunchTests.swift */ = {isa = PBXFileReference; lastKnownFileType = sourcecode.swift; path = NutriSkinUITestsLaunchTests.swift; sourceTree = "<group>"; };
		59D74DEF2C356787008F9279 /* GIF.swift */ = {isa = PBXFileReference; lastKnownFileType = sourcecode.swift; path = GIF.swift; sourceTree = "<group>"; };
		59D74DFD2C356EDA008F9279 /* NutriSkinQuiz.swift */ = {isa = PBXFileReference; lastKnownFileType = sourcecode.swift; path = NutriSkinQuiz.swift; sourceTree = "<group>"; };
		59D74E012C357A06008F9279 /* splashscreen.gif */ = {isa = PBXFileReference; lastKnownFileType = image.gif; name = splashscreen.gif; path = ../../../../../Downloads/splashscreen.gif; sourceTree = "<group>"; };
		59D74E032C35A312008F9279 /* SplashScreen.swift */ = {isa = PBXFileReference; lastKnownFileType = sourcecode.swift; path = SplashScreen.swift; sourceTree = "<group>"; };
/* End PBXFileReference section */

/* Begin PBXFrameworksBuildPhase section */
		59AC26CC2C355B2E00268C2C /* Frameworks */ = {
			isa = PBXFrameworksBuildPhase;
			buildActionMask = 2147483647;
			files = (
			);
			runOnlyForDeploymentPostprocessing = 0;
		};
		59AC26DC2C355B3000268C2C /* Frameworks */ = {
			isa = PBXFrameworksBuildPhase;
			buildActionMask = 2147483647;
			files = (
			);
			runOnlyForDeploymentPostprocessing = 0;
		};
		59AC26E62C355B3000268C2C /* Frameworks */ = {
			isa = PBXFrameworksBuildPhase;
			buildActionMask = 2147483647;
			files = (
			);
			runOnlyForDeploymentPostprocessing = 0;
		};
/* End PBXFrameworksBuildPhase section */

/* Begin PBXGroup section */
		59AC26C62C355B2E00268C2C = {
			isa = PBXGroup;
			children = (
				59AC26D12C355B2E00268C2C /* NutriSkin */,
				59AC26E22C355B3000268C2C /* NutriSkinTests */,
				59AC26EC2C355B3000268C2C /* NutriSkinUITests */,
				59AC26D02C355B2E00268C2C /* Products */,
			);
			sourceTree = "<group>";
		};
		59AC26D02C355B2E00268C2C /* Products */ = {
			isa = PBXGroup;
			children = (
				59AC26CF2C355B2E00268C2C /* NutriSkin.app */,
				59AC26DF2C355B3000268C2C /* NutriSkinTests.xctest */,
				59AC26E92C355B3000268C2C /* NutriSkinUITests.xctest */,
			);
			name = Products;
			sourceTree = "<group>";
		};
		59AC26D12C355B2E00268C2C /* NutriSkin */ = {
			isa = PBXGroup;
			children = (
				59D74E012C357A06008F9279 /* splashscreen.gif */,
				59AC26D22C355B2E00268C2C /* NutriSkinApp.swift */,
				59AC26D42C355B2E00268C2C /* ContentView.swift */,
				59D74DFD2C356EDA008F9279 /* NutriSkinQuiz.swift */,
				59AC26D62C355B3000268C2C /* Assets.xcassets */,
				59AC26D82C355B3000268C2C /* Preview Content */,
				59D74DEF2C356787008F9279 /* GIF.swift */,
				59D74E032C35A312008F9279 /* SplashScreen.swift */,
			);
			path = NutriSkin;
			sourceTree = "<group>";
		};
		59AC26D82C355B3000268C2C /* Preview Content */ = {
			isa = PBXGroup;
			children = (
				59AC26D92C355B3000268C2C /* Preview Assets.xcassets */,
			);
			path = "Preview Content";
			sourceTree = "<group>";
		};
		59AC26E22C355B3000268C2C /* NutriSkinTests */ = {
			isa = PBXGroup;
			children = (
				59AC26E32C355B3000268C2C /* NutriSkinTests.swift */,
			);
			path = NutriSkinTests;
			sourceTree = "<group>";
		};
		59AC26EC2C355B3000268C2C /* NutriSkinUITests */ = {
			isa = PBXGroup;
			children = (
				59AC26ED2C355B3000268C2C /* NutriSkinUITests.swift */,
				59AC26EF2C355B3000268C2C /* NutriSkinUITestsLaunchTests.swift */,
			);
			path = NutriSkinUITests;
			sourceTree = "<group>";
		};
/* End PBXGroup section */

/* Begin PBXNativeTarget section */
		59AC26CE2C355B2E00268C2C /* NutriSkin */ = {
			isa = PBXNativeTarget;
			buildConfigurationList = 59AC26F32C355B3000268C2C /* Build configuration list for PBXNativeTarget "NutriSkin" */;
			buildPhases = (
				59AC26CB2C355B2E00268C2C /* Sources */,
				59AC26CC2C355B2E00268C2C /* Frameworks */,
				59AC26CD2C355B2E00268C2C /* Resources */,
			);
			buildRules = (
			);
			dependencies = (
			);
			name = NutriSkin;
			productName = NutriSkin;
			productReference = 59AC26CF2C355B2E00268C2C /* NutriSkin.app */;
			productType = "com.apple.product-type.application";
		};
		59AC26DE2C355B3000268C2C /* NutriSkinTests */ = {
			isa = PBXNativeTarget;
			buildConfigurationList = 59AC26F62C355B3000268C2C /* Build configuration list for PBXNativeTarget "NutriSkinTests" */;
			buildPhases = (
				59AC26DB2C355B3000268C2C /* Sources */,
				59AC26DC2C355B3000268C2C /* Frameworks */,
				59AC26DD2C355B3000268C2C /* Resources */,
			);
			buildRules = (
			);
			dependencies = (
				59AC26E12C355B3000268C2C /* PBXTargetDependency */,
			);
			name = NutriSkinTests;
			productName = NutriSkinTests;
			productReference = 59AC26DF2C355B3000268C2C /* NutriSkinTests.xctest */;
			productType = "com.apple.product-type.bundle.unit-test";
		};
		59AC26E82C355B3000268C2C /* NutriSkinUITests */ = {
			isa = PBXNativeTarget;
			buildConfigurationList = 59AC26F92C355B3000268C2C /* Build configuration list for PBXNativeTarget "NutriSkinUITests" */;
			buildPhases = (
				59AC26E52C355B3000268C2C /* Sources */,
				59AC26E62C355B3000268C2C /* Frameworks */,
				59AC26E72C355B3000268C2C /* Resources */,
			);
			buildRules = (
			);
			dependencies = (
				59AC26EB2C355B3000268C2C /* PBXTargetDependency */,
			);
			name = NutriSkinUITests;
			productName = NutriSkinUITests;
			productReference = 59AC26E92C355B3000268C2C /* NutriSkinUITests.xctest */;
			productType = "com.apple.product-type.bundle.ui-testing";
		};
/* End PBXNativeTarget section */

/* Begin PBXProject section */
		59AC26C72C355B2E00268C2C /* Project object */ = {
			isa = PBXProject;
			attributes = {
				BuildIndependentTargetsInParallel = 1;
				LastSwiftUpdateCheck = 1540;
				LastUpgradeCheck = 1540;
				TargetAttributes = {
					59AC26CE2C355B2E00268C2C = {
						CreatedOnToolsVersion = 15.4;
					};
					59AC26DE2C355B3000268C2C = {
						CreatedOnToolsVersion = 15.4;
						TestTargetID = 59AC26CE2C355B2E00268C2C;
					};
					59AC26E82C355B3000268C2C = {
						CreatedOnToolsVersion = 15.4;
						TestTargetID = 59AC26CE2C355B2E00268C2C;
					};
				};
			};
			buildConfigurationList = 59AC26CA2C355B2E00268C2C /* Build configuration list for PBXProject "NutriSkin" */;
			compatibilityVersion = "Xcode 14.0";
			developmentRegion = en;
			hasScannedForEncodings = 0;
			knownRegions = (
				en,
				Base,
			);
			mainGroup = 59AC26C62C355B2E00268C2C;
			productRefGroup = 59AC26D02C355B2E00268C2C /* Products */;
			projectDirPath = "";
			projectRoot = "";
			targets = (
				59AC26CE2C355B2E00268C2C /* NutriSkin */,
				59AC26DE2C355B3000268C2C /* NutriSkinTests */,
				59AC26E82C355B3000268C2C /* NutriSkinUITests */,
			);
		};
/* End PBXProject section */

/* Begin PBXResourcesBuildPhase section */
		59AC26CD2C355B2E00268C2C /* Resources */ = {
			isa = PBXResourcesBuildPhase;
			buildActionMask = 2147483647;
			files = (
				59AC26DA2C355B3000268C2C /* Preview Assets.xcassets in Resources */,
				59AC26D72C355B3000268C2C /* Assets.xcassets in Resources */,
				59D74E022C357A06008F9279 /* splashscreen.gif in Resources */,
			);
			runOnlyForDeploymentPostprocessing = 0;
		};
		59AC26DD2C355B3000268C2C /* Resources */ = {
			isa = PBXResourcesBuildPhase;
			buildActionMask = 2147483647;
			files = (
			);
			runOnlyForDeploymentPostprocessing = 0;
		};
		59AC26E72C355B3000268C2C /* Resources */ = {
			isa = PBXResourcesBuildPhase;
			buildActionMask = 2147483647;
			files = (
			);
			runOnlyForDeploymentPostprocessing = 0;
		};
/* End PBXResourcesBuildPhase section */

/* Begin PBXSourcesBuildPhase section */
		59AC26CB2C355B2E00268C2C /* Sources */ = {
			isa = PBXSourcesBuildPhase;
			buildActionMask = 2147483647;
			files = (
				59D74E042C35A312008F9279 /* SplashScreen.swift in Sources */,
				59D74DFE2C356EDA008F9279 /* NutriSkinQuiz.swift in Sources */,
				59D74DF02C356787008F9279 /* GIF.swift in Sources */,
				59AC26D52C355B2E00268C2C /* ContentView.swift in Sources */,
				59AC26D32C355B2E00268C2C /* NutriSkinApp.swift in Sources */,
			);
			runOnlyForDeploymentPostprocessing = 0;
		};
		59AC26DB2C355B3000268C2C /* Sources */ = {
			isa = PBXSourcesBuildPhase;
			buildActionMask = 2147483647;
			files = (
				59AC26E42C355B3000268C2C /* NutriSkinTests.swift in Sources */,
			);
			runOnlyForDeploymentPostprocessing = 0;
		};
		59AC26E52C355B3000268C2C /* Sources */ = {
			isa = PBXSourcesBuildPhase;
			buildActionMask = 2147483647;
			files = (
				59AC26F02C355B3000268C2C /* NutriSkinUITestsLaunchTests.swift in Sources */,
				59AC26EE2C355B3000268C2C /* NutriSkinUITests.swift in Sources */,
			);
			runOnlyForDeploymentPostprocessing = 0;
		};
/* End PBXSourcesBuildPhase section */

/* Begin PBXTargetDependency section */
		59AC26E12C355B3000268C2C /* PBXTargetDependency */ = {
			isa = PBXTargetDependency;
			target = 59AC26CE2C355B2E00268C2C /* NutriSkin */;
			targetProxy = 59AC26E02C355B3000268C2C /* PBXContainerItemProxy */;
		};
		59AC26EB2C355B3000268C2C /* PBXTargetDependency */ = {
			isa = PBXTargetDependency;
			target = 59AC26CE2C355B2E00268C2C /* NutriSkin */;
			targetProxy = 59AC26EA2C355B3000268C2C /* PBXContainerItemProxy */;
		};
/* End PBXTargetDependency section */

/* Begin XCBuildConfiguration section */
		59AC26F12C355B3000268C2C /* Debug */ = {
			isa = XCBuildConfiguration;
			buildSettings = {
				ALWAYS_SEARCH_USER_PATHS = NO;
				ASSETCATALOG_COMPILER_GENERATE_SWIFT_ASSET_SYMBOL_EXTENSIONS = YES;
				CLANG_ANALYZER_NONNULL = YES;
				CLANG_ANALYZER_NUMBER_OBJECT_CONVERSION = YES_AGGRESSIVE;
				CLANG_CXX_LANGUAGE_STANDARD = "gnu++20";
				CLANG_ENABLE_MODULES = YES;
				CLANG_ENABLE_OBJC_ARC = YES;
				CLANG_ENABLE_OBJC_WEAK = YES;
				CLANG_WARN_BLOCK_CAPTURE_AUTORELEASING = YES;
				CLANG_WARN_BOOL_CONVERSION = YES;
				CLANG_WARN_COMMA = YES;
				CLANG_WARN_CONSTANT_CONVERSION = YES;
				CLANG_WARN_DEPRECATED_OBJC_IMPLEMENTATIONS = YES;
				CLANG_WARN_DIRECT_OBJC_ISA_USAGE = YES_ERROR;
				CLANG_WARN_DOCUMENTATION_COMMENTS = YES;
				CLANG_WARN_EMPTY_BODY = YES;
				CLANG_WARN_ENUM_CONVERSION = YES;
				CLANG_WARN_INFINITE_RECURSION = YES;
				CLANG_WARN_INT_CONVERSION = YES;
				CLANG_WARN_NON_LITERAL_NULL_CONVERSION = YES;
				CLANG_WARN_OBJC_IMPLICIT_RETAIN_SELF = YES;
				CLANG_WARN_OBJC_LITERAL_CONVERSION = YES;
				CLANG_WARN_OBJC_ROOT_CLASS = YES_ERROR;
				CLANG_WARN_QUOTED_INCLUDE_IN_FRAMEWORK_HEADER = YES;
				CLANG_WARN_RANGE_LOOP_ANALYSIS = YES;
				CLANG_WARN_STRICT_PROTOTYPES = YES;
				CLANG_WARN_SUSPICIOUS_MOVE = YES;
				CLANG_WARN_UNGUARDED_AVAILABILITY = YES_AGGRESSIVE;
				CLANG_WARN_UNREACHABLE_CODE = YES;
				CLANG_WARN__DUPLICATE_METHOD_MATCH = YES;
				COPY_PHASE_STRIP = NO;
				DEBUG_INFORMATION_FORMAT = dwarf;
				ENABLE_STRICT_OBJC_MSGSEND = YES;
				ENABLE_TESTABILITY = YES;
				ENABLE_USER_SCRIPT_SANDBOXING = YES;
				GCC_C_LANGUAGE_STANDARD = gnu17;
				GCC_DYNAMIC_NO_PIC = NO;
				GCC_NO_COMMON_BLOCKS = YES;
				GCC_OPTIMIZATION_LEVEL = 0;
				GCC_PREPROCESSOR_DEFINITIONS = (
					"DEBUG=1",
					"$(inherited)",
				);
				GCC_WARN_64_TO_32_BIT_CONVERSION = YES;
				GCC_WARN_ABOUT_RETURN_TYPE = YES_ERROR;
				GCC_WARN_UNDECLARED_SELECTOR = YES;
				GCC_WARN_UNINITIALIZED_AUTOS = YES_AGGRESSIVE;
				GCC_WARN_UNUSED_FUNCTION = YES;
				GCC_WARN_UNUSED_VARIABLE = YES;
				IPHONEOS_DEPLOYMENT_TARGET = 17.5;
				LOCALIZATION_PREFERS_STRING_CATALOGS = YES;
				MTL_ENABLE_DEBUG_INFO = INCLUDE_SOURCE;
				MTL_FAST_MATH = YES;
				ONLY_ACTIVE_ARCH = YES;
				SDKROOT = iphoneos;
				SWIFT_ACTIVE_COMPILATION_CONDITIONS = "DEBUG $(inherited)";
				SWIFT_OPTIMIZATION_LEVEL = "-Onone";
			};
			name = Debug;
		};
		59AC26F22C355B3000268C2C /* Release */ = {
			isa = XCBuildConfiguration;
			buildSettings = {
				ALWAYS_SEARCH_USER_PATHS = NO;
				ASSETCATALOG_COMPILER_GENERATE_SWIFT_ASSET_SYMBOL_EXTENSIONS = YES;
				CLANG_ANALYZER_NONNULL = YES;
				CLANG_ANALYZER_NUMBER_OBJECT_CONVERSION = YES_AGGRESSIVE;
				CLANG_CXX_LANGUAGE_STANDARD = "gnu++20";
				CLANG_ENABLE_MODULES = YES;
				CLANG_ENABLE_OBJC_ARC = YES;
				CLANG_ENABLE_OBJC_WEAK = YES;
				CLANG_WARN_BLOCK_CAPTURE_AUTORELEASING = YES;
				CLANG_WARN_BOOL_CONVERSION = YES;
				CLANG_WARN_COMMA = YES;
				CLANG_WARN_CONSTANT_CONVERSION = YES;
				CLANG_WARN_DEPRECATED_OBJC_IMPLEMENTATIONS = YES;
				CLANG_WARN_DIRECT_OBJC_ISA_USAGE = YES_ERROR;
				CLANG_WARN_DOCUMENTATION_COMMENTS = YES;
				CLANG_WARN_EMPTY_BODY = YES;
				CLANG_WARN_ENUM_CONVERSION = YES;
				CLANG_WARN_INFINITE_RECURSION = YES;
				CLANG_WARN_INT_CONVERSION = YES;
				CLANG_WARN_NON_LITERAL_NULL_CONVERSION = YES;
				CLANG_WARN_OBJC_IMPLICIT_RETAIN_SELF = YES;
				CLANG_WARN_OBJC_LITERAL_CONVERSION = YES;
				CLANG_WARN_OBJC_ROOT_CLASS = YES_ERROR;
				CLANG_WARN_QUOTED_INCLUDE_IN_FRAMEWORK_HEADER = YES;
				CLANG_WARN_RANGE_LOOP_ANALYSIS = YES;
				CLANG_WARN_STRICT_PROTOTYPES = YES;
				CLANG_WARN_SUSPICIOUS_MOVE = YES;
				CLANG_WARN_UNGUARDED_AVAILABILITY = YES_AGGRESSIVE;
				CLANG_WARN_UNREACHABLE_CODE = YES;
				CLANG_WARN__DUPLICATE_METHOD_MATCH = YES;
				COPY_PHASE_STRIP = NO;
				DEBUG_INFORMATION_FORMAT = "dwarf-with-dsym";
				ENABLE_NS_ASSERTIONS = NO;
				ENABLE_STRICT_OBJC_MSGSEND = YES;
				ENABLE_USER_SCRIPT_SANDBOXING = YES;
				GCC_C_LANGUAGE_STANDARD = gnu17;
				GCC_NO_COMMON_BLOCKS = YES;
				GCC_WARN_64_TO_32_BIT_CONVERSION = YES;
				GCC_WARN_ABOUT_RETURN_TYPE = YES_ERROR;
				GCC_WARN_UNDECLARED_SELECTOR = YES;
				GCC_WARN_UNINITIALIZED_AUTOS = YES_AGGRESSIVE;
				GCC_WARN_UNUSED_FUNCTION = YES;
				GCC_WARN_UNUSED_VARIABLE = YES;
				IPHONEOS_DEPLOYMENT_TARGET = 17.5;
				LOCALIZATION_PREFERS_STRING_CATALOGS = YES;
				MTL_ENABLE_DEBUG_INFO = NO;
				MTL_FAST_MATH = YES;
				SDKROOT = iphoneos;
				SWIFT_COMPILATION_MODE = wholemodule;
				VALIDATE_PRODUCT = YES;
			};
			name = Release;
		};
		59AC26F42C355B3000268C2C /* Debug */ = {
			isa = XCBuildConfiguration;
			buildSettings = {
				ASSETCATALOG_COMPILER_APPICON_NAME = AppIcon;
				ASSETCATALOG_COMPILER_GLOBAL_ACCENT_COLOR_NAME = AccentColor;
				CODE_SIGN_STYLE = Automatic;
				CURRENT_PROJECT_VERSION = 1;
				DEVELOPMENT_ASSET_PATHS = "\"NutriSkin/Preview Content\"";
				ENABLE_PREVIEWS = YES;
				GENERATE_INFOPLIST_FILE = YES;
				INFOPLIST_KEY_UIApplicationSceneManifest_Generation = YES;
				INFOPLIST_KEY_UIApplicationSupportsIndirectInputEvents = YES;
				INFOPLIST_KEY_UILaunchScreen_Generation = YES;
				INFOPLIST_KEY_UISupportedInterfaceOrientations_iPad = "UIInterfaceOrientationPortrait UIInterfaceOrientationPortraitUpsideDown UIInterfaceOrientationLandscapeLeft UIInterfaceOrientationLandscapeRight";
				INFOPLIST_KEY_UISupportedInterfaceOrientations_iPhone = "UIInterfaceOrientationPortrait UIInterfaceOrientationLandscapeLeft UIInterfaceOrientationLandscapeRight";
				LD_RUNPATH_SEARCH_PATHS = (
					"$(inherited)",
					"@executable_path/Frameworks",
				);
				MARKETING_VERSION = 1.0;
				PRODUCT_BUNDLE_IDENTIFIER = neptvnism.NutriSkin;
				PRODUCT_NAME = "$(TARGET_NAME)";
				SWIFT_EMIT_LOC_STRINGS = YES;
				SWIFT_VERSION = 5.0;
				TARGETED_DEVICE_FAMILY = "1,2";
			};
			name = Debug;
		};
		59AC26F52C355B3000268C2C /* Release */ = {
			isa = XCBuildConfiguration;
			buildSettings = {
				ASSETCATALOG_COMPILER_APPICON_NAME = AppIcon;
				ASSETCATALOG_COMPILER_GLOBAL_ACCENT_COLOR_NAME = AccentColor;
				CODE_SIGN_STYLE = Automatic;
				CURRENT_PROJECT_VERSION = 1;
				DEVELOPMENT_ASSET_PATHS = "\"NutriSkin/Preview Content\"";
				ENABLE_PREVIEWS = YES;
				GENERATE_INFOPLIST_FILE = YES;
				INFOPLIST_KEY_UIApplicationSceneManifest_Generation = YES;
				INFOPLIST_KEY_UIApplicationSupportsIndirectInputEvents = YES;
				INFOPLIST_KEY_UILaunchScreen_Generation = YES;
				INFOPLIST_KEY_UISupportedInterfaceOrientations_iPad = "UIInterfaceOrientationPortrait UIInterfaceOrientationPortraitUpsideDown UIInterfaceOrientationLandscapeLeft UIInterfaceOrientationLandscapeRight";
				INFOPLIST_KEY_UISupportedInterfaceOrientations_iPhone = "UIInterfaceOrientationPortrait UIInterfaceOrientationLandscapeLeft UIInterfaceOrientationLandscapeRight";
				LD_RUNPATH_SEARCH_PATHS = (
					"$(inherited)",
					"@executable_path/Frameworks",
				);
				MARKETING_VERSION = 1.0;
				PRODUCT_BUNDLE_IDENTIFIER = neptvnism.NutriSkin;
				PRODUCT_NAME = "$(TARGET_NAME)";
				SWIFT_EMIT_LOC_STRINGS = YES;
				SWIFT_VERSION = 5.0;
				TARGETED_DEVICE_FAMILY = "1,2";
			};
			name = Release;
		};
		59AC26F72C355B3000268C2C /* Debug */ = {
			isa = XCBuildConfiguration;
			buildSettings = {
				ALWAYS_EMBED_SWIFT_STANDARD_LIBRARIES = YES;
				BUNDLE_LOADER = "$(TEST_HOST)";
				CODE_SIGN_STYLE = Automatic;
				CURRENT_PROJECT_VERSION = 1;
				GENERATE_INFOPLIST_FILE = YES;
				IPHONEOS_DEPLOYMENT_TARGET = 17.5;
				MARKETING_VERSION = 1.0;
				PRODUCT_BUNDLE_IDENTIFIER = neptvnism.NutriSkinTests;
				PRODUCT_NAME = "$(TARGET_NAME)";
				SWIFT_EMIT_LOC_STRINGS = NO;
				SWIFT_VERSION = 5.0;
				TARGETED_DEVICE_FAMILY = "1,2";
				TEST_HOST = "$(BUILT_PRODUCTS_DIR)/NutriSkin.app/$(BUNDLE_EXECUTABLE_FOLDER_PATH)/NutriSkin";
			};
			name = Debug;
		};
		59AC26F82C355B3000268C2C /* Release */ = {
			isa = XCBuildConfiguration;
			buildSettings = {
				ALWAYS_EMBED_SWIFT_STANDARD_LIBRARIES = YES;
				BUNDLE_LOADER = "$(TEST_HOST)";
				CODE_SIGN_STYLE = Automatic;
				CURRENT_PROJECT_VERSION = 1;
				GENERATE_INFOPLIST_FILE = YES;
				IPHONEOS_DEPLOYMENT_TARGET = 17.5;
				MARKETING_VERSION = 1.0;
				PRODUCT_BUNDLE_IDENTIFIER = neptvnism.NutriSkinTests;
				PRODUCT_NAME = "$(TARGET_NAME)";
				SWIFT_EMIT_LOC_STRINGS = NO;
				SWIFT_VERSION = 5.0;
				TARGETED_DEVICE_FAMILY = "1,2";
				TEST_HOST = "$(BUILT_PRODUCTS_DIR)/NutriSkin.app/$(BUNDLE_EXECUTABLE_FOLDER_PATH)/NutriSkin";
			};
			name = Release;
		};
		59AC26FA2C355B3000268C2C /* Debug */ = {
			isa = XCBuildConfiguration;
			buildSettings = {
				ALWAYS_EMBED_SWIFT_STANDARD_LIBRARIES = YES;
				CODE_SIGN_STYLE = Automatic;
				CURRENT_PROJECT_VERSION = 1;
				GENERATE_INFOPLIST_FILE = YES;
				MARKETING_VERSION = 1.0;
				PRODUCT_BUNDLE_IDENTIFIER = neptvnism.NutriSkinUITests;
				PRODUCT_NAME = "$(TARGET_NAME)";
				SWIFT_EMIT_LOC_STRINGS = NO;
				SWIFT_VERSION = 5.0;
				TARGETED_DEVICE_FAMILY = "1,2";
				TEST_TARGET_NAME = NutriSkin;
			};
			name = Debug;
		};
		59AC26FB2C355B3000268C2C /* Release */ = {
			isa = XCBuildConfiguration;
			buildSettings = {
				ALWAYS_EMBED_SWIFT_STANDARD_LIBRARIES = YES;
				CODE_SIGN_STYLE = Automatic;
				CURRENT_PROJECT_VERSION = 1;
				GENERATE_INFOPLIST_FILE = YES;
				MARKETING_VERSION = 1.0;
				PRODUCT_BUNDLE_IDENTIFIER = neptvnism.NutriSkinUITests;
				PRODUCT_NAME = "$(TARGET_NAME)";
				SWIFT_EMIT_LOC_STRINGS = NO;
				SWIFT_VERSION = 5.0;
				TARGETED_DEVICE_FAMILY = "1,2";
				TEST_TARGET_NAME = NutriSkin;
			};
			name = Release;
		};
/* End XCBuildConfiguration section */

/* Begin XCConfigurationList section */
		59AC26CA2C355B2E00268C2C /* Build configuration list for PBXProject "NutriSkin" */ = {
			isa = XCConfigurationList;
			buildConfigurations = (
				59AC26F12C355B3000268C2C /* Debug */,
				59AC26F22C355B3000268C2C /* Release */,
			);
			defaultConfigurationIsVisible = 0;
			defaultConfigurationName = Release;
		};
		59AC26F32C355B3000268C2C /* Build configuration list for PBXNativeTarget "NutriSkin" */ = {
			isa = XCConfigurationList;
			buildConfigurations = (
				59AC26F42C355B3000268C2C /* Debug */,
				59AC26F52C355B3000268C2C /* Release */,
			);
			defaultConfigurationIsVisible = 0;
			defaultConfigurationName = Release;
		};
		59AC26F62C355B3000268C2C /* Build configuration list for PBXNativeTarget "NutriSkinTests" */ = {
			isa = XCConfigurationList;
			buildConfigurations = (
				59AC26F72C355B3000268C2C /* Debug */,
				59AC26F82C355B3000268C2C /* Release */,
			);
			defaultConfigurationIsVisible = 0;
			defaultConfigurationName = Release;
		};
		59AC26F92C355B3000268C2C /* Build configuration list for PBXNativeTarget "NutriSkinUITests" */ = {
			isa = XCConfigurationList;
			buildConfigurations = (
				59AC26FA2C355B3000268C2C /* Debug */,
				59AC26FB2C355B3000268C2C /* Release */,
			);
			defaultConfigurationIsVisible = 0;
			defaultConfigurationName = Release;
		};
/* End XCConfigurationList section */
	};
	rootObject = 59AC26C72C355B2E00268C2C /* Project object */;
}
